
Microsoft Visual Studio Solution File, Format Version 12.00
# Visual Studio 15
VisualStudioVersion = 15.0.26430.15
MinimumVisualStudioVersion = 10.0.40219.1
Project("{FAE04EC0-301F-11D3-BF4B-00C04F79EFBC}") = "LibraryBibliotecaDeFilme", "ProjetoBibliotecaDeFilme\LibraryBibliotecaDeFilme.csproj", "{842A61CB-4956-426B-8E13-AC8074C726F7}"
EndProject
Project("{FAE04EC0-301F-11D3-BF4B-00C04F79EFBC}") = "AplicacaoWebBibliotecaDeFilme", "ProjetoWebBibliotecaDeFilme\AplicacaoWebBibliotecaDeFilme.csproj", "{28209617-479A-489C-8D1D-045F386A40C9}"
EndProject
Global
	GlobalSection(SolutionConfigurationPlatforms) = preSolution
		Debug|Any CPU = Debug|Any CPU
		Release|Any CPU = Release|Any CPU
	EndGlobalSection
	GlobalSection(ProjectConfigurationPlatforms) = postSolution
		{842A61CB-4956-426B-8E13-AC8074C726F7}.Debug|Any CPU.ActiveCfg = Debug|Any CPU
		{842A61CB-4956-426B-8E13-AC8074C726F7}.Debug|Any CPU.Build.0 = Debug|Any CPU
		{842A61CB-4956-426B-8E13-AC8074C726F7}.Release|Any CPU.ActiveCfg = Release|Any CPU
		{842A61CB-4956-426B-8E13-AC8074C726F7}.Release|Any CPU.Build.0 = Release|Any CPU
		{28209617-479A-489C-8D1D-045F386A40C9}.Debug|Any CPU.ActiveCfg = Debug|Any CPU
		{28209617-479A-489C-8D1D-045F386A40C9}.Debug|Any CPU.Build.0 = Debug|Any CPU
		{28209617-479A-489C-8D1D-045F386A40C9}.Release|Any CPU.ActiveCfg = Release|Any CPU
		{28209617-479A-489C-8D1D-045F386A40C9}.Release|Any CPU.Build.0 = Release|Any CPU
	EndGlobalSection
	GlobalSection(SolutionProperties) = preSolution
		HideSolutionNode = FALSE
	EndGlobalSection
EndGlobal
